
Microsoft Visual Studio Solution File, Format Version 12.00
# Visual Studio Version 16
VisualStudioVersion = 16.0.31229.75
MinimumVisualStudioVersion = 10.0.40219.1
Project("{FAE04EC0-301F-11D3-BF4B-00C04F79EFBC}") = "EmployeeTrainingTracker", "EmployeeTrainingTracker\EmployeeTrainingTracker.csproj", "{307DF34F-05B3-4639-A1D9-BC512EE577FA}"
EndProject
Project("{FAE04EC0-301F-11D3-BF4B-00C04F79EFBC}") = "Data", "EmployeeTrainingTracker.Data\Data.csproj", "{B1DE1B50-61CB-482B-A39D-2A3AE5CCC91D}"
EndProject
Global
	GlobalSection(SolutionConfigurationPlatforms) = preSolution
		Debug|Any CPU = Debug|Any CPU
		Release|Any CPU = Release|Any CPU
	EndGlobalSection
	GlobalSection(ProjectConfigurationPlatforms) = postSolution
		{307DF34F-05B3-4639-A1D9-BC512EE577FA}.Debug|Any CPU.ActiveCfg = Debug|Any CPU
		{307DF34F-05B3-4639-A1D9-BC512EE577FA}.Debug|Any CPU.Build.0 = Debug|Any CPU
		{307DF34F-05B3-4639-A1D9-BC512EE577FA}.Release|Any CPU.ActiveCfg = Release|Any CPU
		{307DF34F-05B3-4639-A1D9-BC512EE577FA}.Release|Any CPU.Build.0 = Release|Any CPU
		{B1DE1B50-61CB-482B-A39D-2A3AE5CCC91D}.Debug|Any CPU.ActiveCfg = Debug|Any CPU
		{B1DE1B50-61CB-482B-A39D-2A3AE5CCC91D}.Debug|Any CPU.Build.0 = Debug|Any CPU
		{B1DE1B50-61CB-482B-A39D-2A3AE5CCC91D}.Release|Any CPU.ActiveCfg = Release|Any CPU
		{B1DE1B50-61CB-482B-A39D-2A3AE5CCC91D}.Release|Any CPU.Build.0 = Release|Any CPU
	EndGlobalSection
	GlobalSection(SolutionProperties) = preSolution
		HideSolutionNode = FALSE
	EndGlobalSection
	GlobalSection(ExtensibilityGlobals) = postSolution
		SolutionGuid = {9C59EA4B-CB7E-4314-BD72-5CFD25B6915E}
	EndGlobalSection
EndGlobal
